
Microsoft Visual Studio Solution File, Format Version 12.00
# Visual Studio 2013
VisualStudioVersion = 12.0.30723.0
MinimumVisualStudioVersion = 10.0.40219.1
Project("{8BC9CEB8-8B4A-11D0-8D11-00A0C91BC942}") = "LiveRobot", "LiveRobot\LiveRobot.vcxproj", "{68D8E196-51FF-4042-820E-9330ACD19491}"
	ProjectSection(ProjectDependencies) = postProject
		{C3F888EB-03D5-433B-AA00-4D6C3D7F2EC3} = {C3F888EB-03D5-433B-AA00-4D6C3D7F2EC3}
	EndProjectSection
EndProject
Project("{8BC9CEB8-8B4A-11D0-8D11-00A0C91BC942}") = "Common", "Common\Common.vcxproj", "{C3F888EB-03D5-433B-AA00-4D6C3D7F2EC3}"
EndProject
Project("{8BC9CEB8-8B4A-11D0-8D11-00A0C91BC942}") = "HPSocket", "HPSocket\HPSocket.vcxproj", "{7F18B2E5-7BFA-4FC7-82BF-7E69570480C9}"
EndProject
Global
	GlobalSection(SolutionConfigurationPlatforms) = preSolution
		Debug|Win32 = Debug|Win32
		Release|Win32 = Release|Win32
	EndGlobalSection
	GlobalSection(ProjectConfigurationPlatforms) = postSolution
		{68D8E196-51FF-4042-820E-9330ACD19491}.Debug|Win32.ActiveCfg = Debug|Win32
		{68D8E196-51FF-4042-820E-9330ACD19491}.Debug|Win32.Build.0 = Debug|Win32
		{68D8E196-51FF-4042-820E-9330ACD19491}.Release|Win32.ActiveCfg = Release|Win32
		{68D8E196-51FF-4042-820E-9330ACD19491}.Release|Win32.Build.0 = Release|Win32
		{C3F888EB-03D5-433B-AA00-4D6C3D7F2EC3}.Debug|Win32.ActiveCfg = Debug|Win32
		{C3F888EB-03D5-433B-AA00-4D6C3D7F2EC3}.Debug|Win32.Build.0 = Debug|Win32
		{C3F888EB-03D5-433B-AA00-4D6C3D7F2EC3}.Release|Win32.ActiveCfg = Release|Win32
		{C3F888EB-03D5-433B-AA00-4D6C3D7F2EC3}.Release|Win32.Build.0 = Release|Win32
		{7F18B2E5-7BFA-4FC7-82BF-7E69570480C9}.Debug|Win32.ActiveCfg = Debug|Win32
		{7F18B2E5-7BFA-4FC7-82BF-7E69570480C9}.Debug|Win32.Build.0 = Debug|Win32
		{7F18B2E5-7BFA-4FC7-82BF-7E69570480C9}.Release|Win32.ActiveCfg = Release|Win32
		{7F18B2E5-7BFA-4FC7-82BF-7E69570480C9}.Release|Win32.Build.0 = Release|Win32
	EndGlobalSection
	GlobalSection(SolutionProperties) = preSolution
		HideSolutionNode = FALSE
	EndGlobalSection
EndGlobal
