<?xml version="1.0" encoding="utf-8"?>
<Project ToolsVersion="4.0" xmlns="http://schemas.microsoft.com/developer/msbuild/2003">
  <ItemGroup>
    <Filter Include="Source Files">
      <UniqueIdentifier>{d6fb6ef6-c2fb-4768-a9a6-41d263aa7c03}</UniqueIdentifier>
      <Extensions>cpp;c;cxx;def;odl;idl;hpj;bat;asm</Extensions>
    </Filter>
    <Filter Include="Header Files">
      <UniqueIdentifier>{528b7a2d-e574-4dfb-9a5e-8acad87f543e}</UniqueIdentifier>
      <Extensions>h;hpp;hxx;hm;inl;inc</Extensions>
    </Filter>
    <Filter Include="Resource Files">
      <UniqueIdentifier>{e504893c-42fa-4b12-b17b-ae2507ae3470}</UniqueIdentifier>
      <Extensions>rc;ico;cur;bmp;dlg;rc2;rct;bin;rgs;jpg;jpeg;jpe;manifest</Extensions>
    </Filter>
    <Filter Include="wtl">
      <UniqueIdentifier>{0e719357-5285-402f-b580-57832ad1a8f3}</UniqueIdentifier>
    </Filter>
    <Filter Include="Helper">
      <UniqueIdentifier>{c26105b7-606b-45df-89f8-1a4b4374cf55}</UniqueIdentifier>
    </Filter>
  </ItemGroup>
  <ItemGroup>
    <ClCompile Include="stdafx.cpp">
      <Filter>Source Files</Filter>
    </ClCompile>
    <ClCompile Include="LiveRobotUI.cpp">
      <Filter>Source Files</Filter>
    </ClCompile>
    <ClCompile Include="MainDlg.cpp">
      <Filter>Source Files</Filter>
    </ClCompile>
    <ClCompile Include="helper.cpp">
      <Filter>Helper</Filter>
    </ClCompile>
  </ItemGroup>
  <ItemGroup>
    <ClInclude Include="stdafx.h">
      <Filter>Header Files</Filter>
    </ClInclude>
    <ClInclude Include="MainDlg.h">
      <Filter>Header Files</Filter>
    </ClInclude>
    <ClInclude Include="resource.h">
      <Filter>Header Files</Filter>
    </ClInclude>
    <ClInclude Include="wtl\atlctrlw.h">
      <Filter>wtl</Filter>
    </ClInclude>
    <ClInclude Include="wtl\atlctrlx.h">
      <Filter>wtl</Filter>
    </ClInclude>
    <ClInclude Include="wtl\atlddx.h">
      <Filter>wtl</Filter>
    </ClInclude>
    <ClInclude Include="wtl\atldlgs.h">
      <Filter>wtl</Filter>
    </ClInclude>
    <ClInclude Include="wtl\atldwm.h">
      <Filter>wtl</Filter>
    </ClInclude>
    <ClInclude Include="wtl\atlfind.h">
      <Filter>wtl</Filter>
    </ClInclude>
    <ClInclude Include="wtl\atlframe.h">
      <Filter>wtl</Filter>
    </ClInclude>
    <ClInclude Include="wtl\atlgdi.h">
      <Filter>wtl</Filter>
    </ClInclude>
    <ClInclude Include="wtl\atlmisc.h">
      <Filter>wtl</Filter>
    </ClInclude>
    <ClInclude Include="wtl\atlprint.h">
      <Filter>wtl</Filter>
    </ClInclude>
    <ClInclude Include="wtl\atlres.h">
      <Filter>wtl</Filter>
    </ClInclude>
    <ClInclude Include="wtl\atlresce.h">
      <Filter>wtl</Filter>
    </ClInclude>
    <ClInclude Include="wtl\atlribbon.h">
      <Filter>wtl</Filter>
    </ClInclude>
    <ClInclude Include="wtl\atlscrl.h">
      <Filter>wtl</Filter>
    </ClInclude>
    <ClInclude Include="wtl\atlsplit.h">
      <Filter>wtl</Filter>
    </ClInclude>
    <ClInclude Include="wtl\atltheme.h">
      <Filter>wtl</Filter>
    </ClInclude>
    <ClInclude Include="wtl\atluser.h">
      <Filter>wtl</Filter>
    </ClInclude>
    <ClInclude Include="wtl\atlwince.h">
      <Filter>wtl</Filter>
    </ClInclude>
    <ClInclude Include="wtl\atlwinx.h">
      <Filter>wtl</Filter>
    </ClInclude>
    <ClInclude Include="wtl\atlapp.h">
      <Filter>wtl</Filter>
    </ClInclude>
    <ClInclude Include="wtl\atlcrack.h">
      <Filter>wtl</Filter>
    </ClInclude>
    <ClInclude Include="wtl\atlctrls.h">
      <Filter>wtl</Filter>
    </ClInclude>
    <ClInclude Include="helper.h">
      <Filter>Helper</Filter>
    </ClInclude>
  </ItemGroup>
  <ItemGroup>
    <ResourceCompile Include="LiveRobotUI.rc">
      <Filter>Resource Files</Filter>
    </ResourceCompile>
  </ItemGroup>
  <ItemGroup>
    <Image Include="res\LiveRobotUI.ico">
      <Filter>Resource Files</Filter>
    </Image>
  </ItemGroup>
</Project>